
Microsoft Visual Studio Solution File, Format Version 12.00
# Visual Studio Version 17
VisualStudioVersion = 17.7.34024.191
MinimumVisualStudioVersion = 10.0.40219.1
Project("{FAE04EC0-301F-11D3-BF4B-00C04F79EFBC}") = "demodemo420blazeit", "demodemo420blazeit\demodemo420blazeit.csproj", "{669C09B1-61D4-4BF9-AA89-98059DF38B47}"
EndProject
Global
	GlobalSection(SolutionConfigurationPlatforms) = preSolution
		Debug|Any CPU = Debug|Any CPU
		Release|Any CPU = Release|Any CPU
	EndGlobalSection
	GlobalSection(ProjectConfigurationPlatforms) = postSolution
		{669C09B1-61D4-4BF9-AA89-98059DF38B47}.Debug|Any CPU.ActiveCfg = Debug|Any CPU
		{669C09B1-61D4-4BF9-AA89-98059DF38B47}.Debug|Any CPU.Build.0 = Debug|Any CPU
		{669C09B1-61D4-4BF9-AA89-98059DF38B47}.Release|Any CPU.ActiveCfg = Release|Any CPU
		{669C09B1-61D4-4BF9-AA89-98059DF38B47}.Release|Any CPU.Build.0 = Release|Any CPU
	EndGlobalSection
	GlobalSection(SolutionProperties) = preSolution
		HideSolutionNode = FALSE
	EndGlobalSection
	GlobalSection(ExtensibilityGlobals) = postSolution
		SolutionGuid = {2A4C038E-3D7C-4553-8CA1-4F7721980F93}
	EndGlobalSection
EndGlobal
